
Microsoft Visual Studio Solution File, Format Version 12.00
# Visual Studio Version 17
VisualStudioVersion = 17.0.31903.59
MinimumVisualStudioVersion = 10.0.40219.1
Project("{2150E333-8FDC-42A3-9474-1A3956D46DE8}") = "src", "src", "{09AB45FE-6BFA-4F3F-8C4A-B3A2BCF98A00}"
EndProject
Project("{FAE04EC0-301F-11D3-BF4B-00C04F79EFBC}") = "AuctionService", "src\AuctionService\AuctionService.csproj", "{73314441-ADEC-4FDF-BDF1-1E9023004D72}"
EndProject
Project("{FAE04EC0-301F-11D3-BF4B-00C04F79EFBC}") = "SearchService", "src\SearchService\SearchService.csproj", "{7C9DD751-081E-4666-A33D-36B4964C4C40}"
EndProject
Project("{FAE04EC0-301F-11D3-BF4B-00C04F79EFBC}") = "Contarcts", "src\Contarcts\Contarcts.csproj", "{513852C8-1E7E-4B6B-B5BA-9CE00C047077}"
EndProject
Project("{FAE04EC0-301F-11D3-BF4B-00C04F79EFBC}") = "IdentityService", "src\IdentityService\IdentityService.csproj", "{711D7545-A146-48F0-86E1-97158CAB63AB}"
EndProject
Global
	GlobalSection(SolutionConfigurationPlatforms) = preSolution
		Debug|Any CPU = Debug|Any CPU
		Release|Any CPU = Release|Any CPU
	EndGlobalSection
	GlobalSection(SolutionProperties) = preSolution
		HideSolutionNode = FALSE
	EndGlobalSection
	GlobalSection(ProjectConfigurationPlatforms) = postSolution
		{73314441-ADEC-4FDF-BDF1-1E9023004D72}.Debug|Any CPU.ActiveCfg = Debug|Any CPU
		{73314441-ADEC-4FDF-BDF1-1E9023004D72}.Debug|Any CPU.Build.0 = Debug|Any CPU
		{73314441-ADEC-4FDF-BDF1-1E9023004D72}.Release|Any CPU.ActiveCfg = Release|Any CPU
		{73314441-ADEC-4FDF-BDF1-1E9023004D72}.Release|Any CPU.Build.0 = Release|Any CPU
		{7C9DD751-081E-4666-A33D-36B4964C4C40}.Debug|Any CPU.ActiveCfg = Debug|Any CPU
		{7C9DD751-081E-4666-A33D-36B4964C4C40}.Debug|Any CPU.Build.0 = Debug|Any CPU
		{7C9DD751-081E-4666-A33D-36B4964C4C40}.Release|Any CPU.ActiveCfg = Release|Any CPU
		{7C9DD751-081E-4666-A33D-36B4964C4C40}.Release|Any CPU.Build.0 = Release|Any CPU
		{513852C8-1E7E-4B6B-B5BA-9CE00C047077}.Debug|Any CPU.ActiveCfg = Debug|Any CPU
		{513852C8-1E7E-4B6B-B5BA-9CE00C047077}.Debug|Any CPU.Build.0 = Debug|Any CPU
		{513852C8-1E7E-4B6B-B5BA-9CE00C047077}.Release|Any CPU.ActiveCfg = Release|Any CPU
		{513852C8-1E7E-4B6B-B5BA-9CE00C047077}.Release|Any CPU.Build.0 = Release|Any CPU
		{711D7545-A146-48F0-86E1-97158CAB63AB}.Debug|Any CPU.ActiveCfg = Debug|Any CPU
		{711D7545-A146-48F0-86E1-97158CAB63AB}.Debug|Any CPU.Build.0 = Debug|Any CPU
		{711D7545-A146-48F0-86E1-97158CAB63AB}.Release|Any CPU.ActiveCfg = Release|Any CPU
		{711D7545-A146-48F0-86E1-97158CAB63AB}.Release|Any CPU.Build.0 = Release|Any CPU
	EndGlobalSection
	GlobalSection(NestedProjects) = preSolution
		{73314441-ADEC-4FDF-BDF1-1E9023004D72} = {09AB45FE-6BFA-4F3F-8C4A-B3A2BCF98A00}
		{7C9DD751-081E-4666-A33D-36B4964C4C40} = {09AB45FE-6BFA-4F3F-8C4A-B3A2BCF98A00}
		{513852C8-1E7E-4B6B-B5BA-9CE00C047077} = {09AB45FE-6BFA-4F3F-8C4A-B3A2BCF98A00}
		{711D7545-A146-48F0-86E1-97158CAB63AB} = {09AB45FE-6BFA-4F3F-8C4A-B3A2BCF98A00}
	EndGlobalSection
EndGlobal
